
Microsoft Visual Studio Solution File, Format Version 12.00
# Visual Studio 14
VisualStudioVersion = 14.0.25420.1
MinimumVisualStudioVersion = 10.0.40219.1
Project("{FAE04EC0-301F-11D3-BF4B-00C04F79EFBC}") = "PatientDemog.Data", "PatientDemog.Data\PatientDemog.Data.csproj", "{D39A4812-FC40-4299-96FA-4B6F40DDFD80}"
EndProject
Project("{FAE04EC0-301F-11D3-BF4B-00C04F79EFBC}") = "PatientDb.Test", "PatientDb.Test\PatientDb.Test.csproj", "{6350E4CB-63DE-4632-8F61-8F4290DC23A8}"
EndProject
Project("{FAE04EC0-301F-11D3-BF4B-00C04F79EFBC}") = "PatientDemog", "PatientDemog\PatientDemog.csproj", "{FEB759A7-B779-46CE-8AC1-62083459B3F3}"
EndProject
Project("{FAE04EC0-301F-11D3-BF4B-00C04F79EFBC}") = "PatientDemog.ApiTest", "PatientDemog.ApiTest\PatientDemog.ApiTest.csproj", "{193EE2F4-0BAA-4D33-80F2-D37E0D13AC05}"
EndProject
Global
	GlobalSection(SolutionConfigurationPlatforms) = preSolution
		Debug|Any CPU = Debug|Any CPU
		Release|Any CPU = Release|Any CPU
	EndGlobalSection
	GlobalSection(ProjectConfigurationPlatforms) = postSolution
		{D39A4812-FC40-4299-96FA-4B6F40DDFD80}.Debug|Any CPU.ActiveCfg = Debug|Any CPU
		{D39A4812-FC40-4299-96FA-4B6F40DDFD80}.Debug|Any CPU.Build.0 = Debug|Any CPU
		{D39A4812-FC40-4299-96FA-4B6F40DDFD80}.Release|Any CPU.ActiveCfg = Release|Any CPU
		{D39A4812-FC40-4299-96FA-4B6F40DDFD80}.Release|Any CPU.Build.0 = Release|Any CPU
		{6350E4CB-63DE-4632-8F61-8F4290DC23A8}.Debug|Any CPU.ActiveCfg = Debug|Any CPU
		{6350E4CB-63DE-4632-8F61-8F4290DC23A8}.Debug|Any CPU.Build.0 = Debug|Any CPU
		{6350E4CB-63DE-4632-8F61-8F4290DC23A8}.Release|Any CPU.ActiveCfg = Release|Any CPU
		{6350E4CB-63DE-4632-8F61-8F4290DC23A8}.Release|Any CPU.Build.0 = Release|Any CPU
		{FEB759A7-B779-46CE-8AC1-62083459B3F3}.Debug|Any CPU.ActiveCfg = Debug|Any CPU
		{FEB759A7-B779-46CE-8AC1-62083459B3F3}.Debug|Any CPU.Build.0 = Debug|Any CPU
		{FEB759A7-B779-46CE-8AC1-62083459B3F3}.Release|Any CPU.ActiveCfg = Release|Any CPU
		{FEB759A7-B779-46CE-8AC1-62083459B3F3}.Release|Any CPU.Build.0 = Release|Any CPU
		{193EE2F4-0BAA-4D33-80F2-D37E0D13AC05}.Debug|Any CPU.ActiveCfg = Debug|Any CPU
		{193EE2F4-0BAA-4D33-80F2-D37E0D13AC05}.Debug|Any CPU.Build.0 = Debug|Any CPU
		{193EE2F4-0BAA-4D33-80F2-D37E0D13AC05}.Release|Any CPU.ActiveCfg = Release|Any CPU
		{193EE2F4-0BAA-4D33-80F2-D37E0D13AC05}.Release|Any CPU.Build.0 = Release|Any CPU
	EndGlobalSection
	GlobalSection(SolutionProperties) = preSolution
		HideSolutionNode = FALSE
	EndGlobalSection
EndGlobal
